{
  "name": "borealis",
  "lockfileVersion": 3,
  "requires": true,
  "packages": {
    "": {
      "dependencies": {
        "emoji.json": "^15.0.0",
        "sqlite": "^5.0.1"
      }
    },
    "node_modules/emoji.json": {
      "version": "15.0.0",
      "resolved": "https://registry.npmjs.org/emoji.json/-/emoji.json-15.0.0.tgz",
      "integrity": "sha512-dJDOsMdXg623I/ibaexY7676aMd6z9DgtNHM4tDqSjAYA7jQFznnhqVu5+5bxgAZIhwFEscDKT4Z0OXfObcv2w=="
    },
    "node_modules/sqlite": {
      "version": "5.0.1",
      "resolved": "https://registry.npmjs.org/sqlite/-/sqlite-5.0.1.tgz",
      "integrity": "sha512-sRxbVwzNX9rvEPnxz9scNqi60KtfxBXMzzus5BI4+0nPtVkyEXyBwQ7JkM2M1CiVvEFw6s1vn2Z9/1DEdSpiaA=="
    }
  }
}
